# THIS IS AN AUTOGENERATED FILE. DO NOT EDIT THIS FILE DIRECTLY.
# yarn lockfile v1


"@types/google-apps-script@^0.0.62":
  version "0.0.62"
  resolved "https://registry.yarnpkg.com/@types/google-apps-script/-/google-apps-script-0.0.62.tgz#9f631be0c3edca807698f9430cf0c9b603fad6ad"
  integrity sha512-KFgKLEBLKOgstMjDIEADFFBKkwywcRShtWpNMHADbWmYRLgRYvtVpNCkwcGi/QRua0iYUByLy3UBiazd57o8Dg==
